
Microsoft Visual Studio Solution File, Format Version 12.00
# Visual Studio Version 17
VisualStudioVersion = 17.9.34701.34
MinimumVisualStudioVersion = 10.0.40219.1
Project("{FAE04EC0-301F-11D3-BF4B-00C04F79EFBC}") = "Proyecto_SistemasOperativo_Banquero", "Proyecto_SistemasOperativo_Banquero\Proyecto_SistemasOperativo_Banquero.csproj", "{872E49B9-EC58-4F74-98D5-C6C4E32C518A}"
EndProject
Global
	GlobalSection(SolutionConfigurationPlatforms) = preSolution
		Debug|Any CPU = Debug|Any CPU
		Release|Any CPU = Release|Any CPU
	EndGlobalSection
	GlobalSection(ProjectConfigurationPlatforms) = postSolution
		{872E49B9-EC58-4F74-98D5-C6C4E32C518A}.Debug|Any CPU.ActiveCfg = Debug|Any CPU
		{872E49B9-EC58-4F74-98D5-C6C4E32C518A}.Debug|Any CPU.Build.0 = Debug|Any CPU
		{872E49B9-EC58-4F74-98D5-C6C4E32C518A}.Release|Any CPU.ActiveCfg = Release|Any CPU
		{872E49B9-EC58-4F74-98D5-C6C4E32C518A}.Release|Any CPU.Build.0 = Release|Any CPU
	EndGlobalSection
	GlobalSection(SolutionProperties) = preSolution
		HideSolutionNode = FALSE
	EndGlobalSection
	GlobalSection(ExtensibilityGlobals) = postSolution
		SolutionGuid = {3A65BEB4-E36C-4931-8123-3D47594A3E6E}
	EndGlobalSection
EndGlobal
